// !$*UTF8*$!
{
	archiveVersion = 1;
	classes = {
	};
	objectVersion = 56;
	objects = {

/* Begin PBXBuildFile section */
		F21B36F42986AFF6007F4C26 /* Sphinx_CoffeeApp.swift in Sources */ = {isa = PBXBuildFile; fileRef = F21B36F32986AFF6007F4C26 /* Sphinx_CoffeeApp.swift */; };
		F21B36F62986AFF6007F4C26 /* ContentView.swift in Sources */ = {isa = PBXBuildFile; fileRef = F21B36F52986AFF6007F4C26 /* ContentView.swift */; };
		F21B36F82986AFF8007F4C26 /* Assets.xcassets in Resources */ = {isa = PBXBuildFile; fileRef = F21B36F72986AFF8007F4C26 /* Assets.xcassets */; };
		F21B36FB2986AFF8007F4C26 /* Preview Assets.xcassets in Resources */ = {isa = PBXBuildFile; fileRef = F21B36FA2986AFF8007F4C26 /* Preview Assets.xcassets */; };
		F29567352992A25E00353B74 /* Category.swift in Sources */ = {isa = PBXBuildFile; fileRef = F29567342992A25E00353B74 /* Category.swift */; };
		F29567372992A27F00353B74 /* Product.swift in Sources */ = {isa = PBXBuildFile; fileRef = F29567362992A27F00353B74 /* Product.swift */; };
		F29567392992A65400353B74 /* MenuManager.swift in Sources */ = {isa = PBXBuildFile; fileRef = F29567382992A65400353B74 /* MenuManager.swift */; };
		F295673B2992A66E00353B74 /* CartManager.swift in Sources */ = {isa = PBXBuildFile; fileRef = F295673A2992A66E00353B74 /* CartManager.swift */; };
		F2AA07F729952E9200DD299B /* OrderItem.swift in Sources */ = {isa = PBXBuildFile; fileRef = F2AA07F629952E9200DD299B /* OrderItem.swift */; };
		F2AA07FA299531E500DD299B /* Alamofire in Frameworks */ = {isa = PBXBuildFile; productRef = F2AA07F9299531E500DD299B /* Alamofire */; };
		F2DB7ABD298EF5F8008D8BB4 /* Offer.swift in Sources */ = {isa = PBXBuildFile; fileRef = F2DB7ABC298EF5F8008D8BB4 /* Offer.swift */; };
		F2DB7ABF298F0CF0008D8BB4 /* OffersPage.swift in Sources */ = {isa = PBXBuildFile; fileRef = F2DB7ABE298F0CF0008D8BB4 /* OffersPage.swift */; };
		F2EBC995299068D400825051 /* MenuPage.swift in Sources */ = {isa = PBXBuildFile; fileRef = F2EBC994299068D400825051 /* MenuPage.swift */; };
		F2EBC997299068E300825051 /* OrdersPage.swift in Sources */ = {isa = PBXBuildFile; fileRef = F2EBC996299068E300825051 /* OrdersPage.swift */; };
		F2EBC999299068F600825051 /* InfoPage.swift in Sources */ = {isa = PBXBuildFile; fileRef = F2EBC998299068F600825051 /* InfoPage.swift */; };
		F2EBC99B299069E900825051 /* ProductItem.swift in Sources */ = {isa = PBXBuildFile; fileRef = F2EBC99A299069E900825051 /* ProductItem.swift */; };
		F2EBC99D29906C4200825051 /* DetailsPage.swift in Sources */ = {isa = PBXBuildFile; fileRef = F2EBC99C29906C4200825051 /* DetailsPage.swift */; };
/* End PBXBuildFile section */

/* Begin PBXFileReference section */
		F21B36F02986AFF6007F4C26 /* Sphinx Coffee.app */ = {isa = PBXFileReference; explicitFileType = wrapper.application; includeInIndex = 0; path = "Sphinx Coffee.app"; sourceTree = BUILT_PRODUCTS_DIR; };
		F21B36F32986AFF6007F4C26 /* Sphinx_CoffeeApp.swift */ = {isa = PBXFileReference; lastKnownFileType = sourcecode.swift; path = Sphinx_CoffeeApp.swift; sourceTree = "<group>"; };
		F21B36F52986AFF6007F4C26 /* ContentView.swift */ = {isa = PBXFileReference; lastKnownFileType = sourcecode.swift; path = ContentView.swift; sourceTree = "<group>"; };
		F21B36F72986AFF8007F4C26 /* Assets.xcassets */ = {isa = PBXFileReference; lastKnownFileType = folder.assetcatalog; path = Assets.xcassets; sourceTree = "<group>"; };
		F21B36FA2986AFF8007F4C26 /* Preview Assets.xcassets */ = {isa = PBXFileReference; lastKnownFileType = folder.assetcatalog; path = "Preview Assets.xcassets"; sourceTree = "<group>"; };
		F237CEE42998025B001DA41B /* Sphinx-Coffee-Info.plist */ = {isa = PBXFileReference; lastKnownFileType = text.plist; path = "Sphinx-Coffee-Info.plist"; sourceTree = SOURCE_ROOT; };
		F29567342992A25E00353B74 /* Category.swift */ = {isa = PBXFileReference; lastKnownFileType = sourcecode.swift; path = Category.swift; sourceTree = "<group>"; };
		F29567362992A27F00353B74 /* Product.swift */ = {isa = PBXFileReference; lastKnownFileType = sourcecode.swift; path = Product.swift; sourceTree = "<group>"; };
		F29567382992A65400353B74 /* MenuManager.swift */ = {isa = PBXFileReference; lastKnownFileType = sourcecode.swift; path = MenuManager.swift; sourceTree = "<group>"; };
		F295673A2992A66E00353B74 /* CartManager.swift */ = {isa = PBXFileReference; lastKnownFileType = sourcecode.swift; path = CartManager.swift; sourceTree = "<group>"; };
		F2AA07F629952E9200DD299B /* OrderItem.swift */ = {isa = PBXFileReference; lastKnownFileType = sourcecode.swift; path = OrderItem.swift; sourceTree = "<group>"; };
		F2DB7ABC298EF5F8008D8BB4 /* Offer.swift */ = {isa = PBXFileReference; lastKnownFileType = sourcecode.swift; path = Offer.swift; sourceTree = "<group>"; };
		F2DB7ABE298F0CF0008D8BB4 /* OffersPage.swift */ = {isa = PBXFileReference; lastKnownFileType = sourcecode.swift; path = OffersPage.swift; sourceTree = "<group>"; };
		F2EBC994299068D400825051 /* MenuPage.swift */ = {isa = PBXFileReference; lastKnownFileType = sourcecode.swift; path = MenuPage.swift; sourceTree = "<group>"; };
		F2EBC996299068E300825051 /* OrdersPage.swift */ = {isa = PBXFileReference; lastKnownFileType = sourcecode.swift; path = OrdersPage.swift; sourceTree = "<group>"; };
		F2EBC998299068F600825051 /* InfoPage.swift */ = {isa = PBXFileReference; lastKnownFileType = sourcecode.swift; path = InfoPage.swift; sourceTree = "<group>"; };
		F2EBC99A299069E900825051 /* ProductItem.swift */ = {isa = PBXFileReference; lastKnownFileType = sourcecode.swift; path = ProductItem.swift; sourceTree = "<group>"; };
		F2EBC99C29906C4200825051 /* DetailsPage.swift */ = {isa = PBXFileReference; lastKnownFileType = sourcecode.swift; path = DetailsPage.swift; sourceTree = "<group>"; };
/* End PBXFileReference section */

/* Begin PBXFrameworksBuildPhase section */
		F21B36ED2986AFF6007F4C26 /* Frameworks */ = {
			isa = PBXFrameworksBuildPhase;
			buildActionMask = 2147483647;
			files = (
				F2AA07FA299531E500DD299B /* Alamofire in Frameworks */,
			);
			runOnlyForDeploymentPostprocessing = 0;
		};
/* End PBXFrameworksBuildPhase section */

/* Begin PBXGroup section */
		F21B36E72986AFF6007F4C26 = {
			isa = PBXGroup;
			children = (
				F21B36F22986AFF6007F4C26 /* Sphinx Coffee */,
				F21B36F12986AFF6007F4C26 /* Products */,
			);
			sourceTree = "<group>";
		};
		F21B36F12986AFF6007F4C26 /* Products */ = {
			isa = PBXGroup;
			children = (
				F21B36F02986AFF6007F4C26 /* Sphinx Coffee.app */,
			);
			name = Products;
			sourceTree = "<group>";
		};
		F21B36F22986AFF6007F4C26 /* Sphinx Coffee */ = {
			isa = PBXGroup;
			children = (
				F237CEE42998025B001DA41B /* Sphinx-Coffee-Info.plist */,
				F29567332992A23800353B74 /* Model */,
				F2EBC9932990689D00825051 /* Page Views */,
				F2EBC9922990688300825051 /* Views */,
				F21B36F32986AFF6007F4C26 /* Sphinx_CoffeeApp.swift */,
				F21B36F52986AFF6007F4C26 /* ContentView.swift */,
				F21B36F72986AFF8007F4C26 /* Assets.xcassets */,
				F21B36F92986AFF8007F4C26 /* Preview Content */,
			);
			path = "Sphinx Coffee";
			sourceTree = "<group>";
		};
		F21B36F92986AFF8007F4C26 /* Preview Content */ = {
			isa = PBXGroup;
			children = (
				F21B36FA2986AFF8007F4C26 /* Preview Assets.xcassets */,
			);
			path = "Preview Content";
			sourceTree = "<group>";
		};
		F29567332992A23800353B74 /* Model */ = {
			isa = PBXGroup;
			children = (
				F29567342992A25E00353B74 /* Category.swift */,
				F29567362992A27F00353B74 /* Product.swift */,
				F29567382992A65400353B74 /* MenuManager.swift */,
				F295673A2992A66E00353B74 /* CartManager.swift */,
			);
			path = Model;
			sourceTree = "<group>";
		};
		F2EBC9922990688300825051 /* Views */ = {
			isa = PBXGroup;
			children = (
				F2DB7ABC298EF5F8008D8BB4 /* Offer.swift */,
				F2EBC99A299069E900825051 /* ProductItem.swift */,
				F2AA07F629952E9200DD299B /* OrderItem.swift */,
			);
			path = Views;
			sourceTree = "<group>";
		};
		F2EBC9932990689D00825051 /* Page Views */ = {
			isa = PBXGroup;
			children = (
				F2DB7ABE298F0CF0008D8BB4 /* OffersPage.swift */,
				F2EBC994299068D400825051 /* MenuPage.swift */,
				F2EBC996299068E300825051 /* OrdersPage.swift */,
				F2EBC998299068F600825051 /* InfoPage.swift */,
				F2EBC99C29906C4200825051 /* DetailsPage.swift */,
			);
			path = "Page Views";
			sourceTree = "<group>";
		};
/* End PBXGroup section */

/* Begin PBXNativeTarget section */
		F21B36EF2986AFF6007F4C26 /* Sphinx Coffee */ = {
			isa = PBXNativeTarget;
			buildConfigurationList = F21B36FE2986AFF8007F4C26 /* Build configuration list for PBXNativeTarget "Sphinx Coffee" */;
			buildPhases = (
				F21B36EC2986AFF6007F4C26 /* Sources */,
				F21B36ED2986AFF6007F4C26 /* Frameworks */,
				F21B36EE2986AFF6007F4C26 /* Resources */,
			);
			buildRules = (
			);
			dependencies = (
			);
			name = "Sphinx Coffee";
			packageProductDependencies = (
				F2AA07F9299531E500DD299B /* Alamofire */,
			);
			productName = "Sphinx Coffee";
			productReference = F21B36F02986AFF6007F4C26 /* Sphinx Coffee.app */;
			productType = "com.apple.product-type.application";
		};
/* End PBXNativeTarget section */

/* Begin PBXProject section */
		F21B36E82986AFF6007F4C26 /* Project object */ = {
			isa = PBXProject;
			attributes = {
				BuildIndependentTargetsInParallel = 1;
				LastSwiftUpdateCheck = 1420;
				LastUpgradeCheck = 1420;
				TargetAttributes = {
					F21B36EF2986AFF6007F4C26 = {
						CreatedOnToolsVersion = 14.2;
					};
				};
			};
			buildConfigurationList = F21B36EB2986AFF6007F4C26 /* Build configuration list for PBXProject "Sphinx Coffee" */;
			compatibilityVersion = "Xcode 14.0";
			developmentRegion = en;
			hasScannedForEncodings = 0;
			knownRegions = (
				en,
				Base,
			);
			mainGroup = F21B36E72986AFF6007F4C26;
			packageReferences = (
				F2AA07F8299531E500DD299B /* XCRemoteSwiftPackageReference "Alamofire" */,
			);
			productRefGroup = F21B36F12986AFF6007F4C26 /* Products */;
			projectDirPath = "";
			projectRoot = "";
			targets = (
				F21B36EF2986AFF6007F4C26 /* Sphinx Coffee */,
			);
		};
/* End PBXProject section */

/* Begin PBXResourcesBuildPhase section */
		F21B36EE2986AFF6007F4C26 /* Resources */ = {
			isa = PBXResourcesBuildPhase;
			buildActionMask = 2147483647;
			files = (
				F21B36FB2986AFF8007F4C26 /* Preview Assets.xcassets in Resources */,
				F21B36F82986AFF8007F4C26 /* Assets.xcassets in Resources */,
			);
			runOnlyForDeploymentPostprocessing = 0;
		};
/* End PBXResourcesBuildPhase section */

/* Begin PBXSourcesBuildPhase section */
		F21B36EC2986AFF6007F4C26 /* Sources */ = {
			isa = PBXSourcesBuildPhase;
			buildActionMask = 2147483647;
			files = (
				F29567392992A65400353B74 /* MenuManager.swift in Sources */,
				F295673B2992A66E00353B74 /* CartManager.swift in Sources */,
				F2DB7ABD298EF5F8008D8BB4 /* Offer.swift in Sources */,
				F29567352992A25E00353B74 /* Category.swift in Sources */,
				F2DB7ABF298F0CF0008D8BB4 /* OffersPage.swift in Sources */,
				F2EBC995299068D400825051 /* MenuPage.swift in Sources */,
				F2EBC99D29906C4200825051 /* DetailsPage.swift in Sources */,
				F29567372992A27F00353B74 /* Product.swift in Sources */,
				F2EBC999299068F600825051 /* InfoPage.swift in Sources */,
				F2AA07F729952E9200DD299B /* OrderItem.swift in Sources */,
				F2EBC99B299069E900825051 /* ProductItem.swift in Sources */,
				F21B36F62986AFF6007F4C26 /* ContentView.swift in Sources */,
				F2EBC997299068E300825051 /* OrdersPage.swift in Sources */,
				F21B36F42986AFF6007F4C26 /* Sphinx_CoffeeApp.swift in Sources */,
			);
			runOnlyForDeploymentPostprocessing = 0;
		};
/* End PBXSourcesBuildPhase section */

/* Begin XCBuildConfiguration section */
		F21B36FC2986AFF8007F4C26 /* Debug */ = {
			isa = XCBuildConfiguration;
			buildSettings = {
				ALWAYS_SEARCH_USER_PATHS = NO;
				CLANG_ANALYZER_NONNULL = YES;
				CLANG_ANALYZER_NUMBER_OBJECT_CONVERSION = YES_AGGRESSIVE;
				CLANG_CXX_LANGUAGE_STANDARD = "gnu++20";
				CLANG_ENABLE_MODULES = YES;
				CLANG_ENABLE_OBJC_ARC = YES;
				CLANG_ENABLE_OBJC_WEAK = YES;
				CLANG_WARN_BLOCK_CAPTURE_AUTORELEASING = YES;
				CLANG_WARN_BOOL_CONVERSION = YES;
				CLANG_WARN_COMMA = YES;
				CLANG_WARN_CONSTANT_CONVERSION = YES;
				CLANG_WARN_DEPRECATED_OBJC_IMPLEMENTATIONS = YES;
				CLANG_WARN_DIRECT_OBJC_ISA_USAGE = YES_ERROR;
				CLANG_WARN_DOCUMENTATION_COMMENTS = YES;
				CLANG_WARN_EMPTY_BODY = YES;
				CLANG_WARN_ENUM_CONVERSION = YES;
				CLANG_WARN_INFINITE_RECURSION = YES;
				CLANG_WARN_INT_CONVERSION = YES;
				CLANG_WARN_NON_LITERAL_NULL_CONVERSION = YES;
				CLANG_WARN_OBJC_IMPLICIT_RETAIN_SELF = YES;
				CLANG_WARN_OBJC_LITERAL_CONVERSION = YES;
				CLANG_WARN_OBJC_ROOT_CLASS = YES_ERROR;
				CLANG_WARN_QUOTED_INCLUDE_IN_FRAMEWORK_HEADER = YES;
				CLANG_WARN_RANGE_LOOP_ANALYSIS = YES;
				CLANG_WARN_STRICT_PROTOTYPES = YES;
				CLANG_WARN_SUSPICIOUS_MOVE = YES;
				CLANG_WARN_UNGUARDED_AVAILABILITY = YES_AGGRESSIVE;
				CLANG_WARN_UNREACHABLE_CODE = YES;
				CLANG_WARN__DUPLICATE_METHOD_MATCH = YES;
				COPY_PHASE_STRIP = NO;
				DEBUG_INFORMATION_FORMAT = dwarf;
				ENABLE_STRICT_OBJC_MSGSEND = YES;
				ENABLE_TESTABILITY = YES;
				GCC_C_LANGUAGE_STANDARD = gnu11;
				GCC_DYNAMIC_NO_PIC = NO;
				GCC_NO_COMMON_BLOCKS = YES;
				GCC_OPTIMIZATION_LEVEL = 0;
				GCC_PREPROCESSOR_DEFINITIONS = (
					"DEBUG=1",
					"$(inherited)",
				);
				GCC_WARN_64_TO_32_BIT_CONVERSION = YES;
				GCC_WARN_ABOUT_RETURN_TYPE = YES_ERROR;
				GCC_WARN_UNDECLARED_SELECTOR = YES;
				GCC_WARN_UNINITIALIZED_AUTOS = YES_AGGRESSIVE;
				GCC_WARN_UNUSED_FUNCTION = YES;
				GCC_WARN_UNUSED_VARIABLE = YES;
				IPHONEOS_DEPLOYMENT_TARGET = 16.2;
				MTL_ENABLE_DEBUG_INFO = INCLUDE_SOURCE;
				MTL_FAST_MATH = YES;
				ONLY_ACTIVE_ARCH = YES;
				SDKROOT = iphoneos;
				SWIFT_ACTIVE_COMPILATION_CONDITIONS = DEBUG;
				SWIFT_OPTIMIZATION_LEVEL = "-Onone";
			};
			name = Debug;
		};
		F21B36FD2986AFF8007F4C26 /* Release */ = {
			isa = XCBuildConfiguration;
			buildSettings = {
				ALWAYS_SEARCH_USER_PATHS = NO;
				CLANG_ANALYZER_NONNULL = YES;
				CLANG_ANALYZER_NUMBER_OBJECT_CONVERSION = YES_AGGRESSIVE;
				CLANG_CXX_LANGUAGE_STANDARD = "gnu++20";
				CLANG_ENABLE_MODULES = YES;
				CLANG_ENABLE_OBJC_ARC = YES;
				CLANG_ENABLE_OBJC_WEAK = YES;
				CLANG_WARN_BLOCK_CAPTURE_AUTORELEASING = YES;
				CLANG_WARN_BOOL_CONVERSION = YES;
				CLANG_WARN_COMMA = YES;
				CLANG_WARN_CONSTANT_CONVERSION = YES;
				CLANG_WARN_DEPRECATED_OBJC_IMPLEMENTATIONS = YES;
				CLANG_WARN_DIRECT_OBJC_ISA_USAGE = YES_ERROR;
				CLANG_WARN_DOCUMENTATION_COMMENTS = YES;
				CLANG_WARN_EMPTY_BODY = YES;
				CLANG_WARN_ENUM_CONVERSION = YES;
				CLANG_WARN_INFINITE_RECURSION = YES;
				CLANG_WARN_INT_CONVERSION = YES;
				CLANG_WARN_NON_LITERAL_NULL_CONVERSION = YES;
				CLANG_WARN_OBJC_IMPLICIT_RETAIN_SELF = YES;
				CLANG_WARN_OBJC_LITERAL_CONVERSION = YES;
				CLANG_WARN_OBJC_ROOT_CLASS = YES_ERROR;
				CLANG_WARN_QUOTED_INCLUDE_IN_FRAMEWORK_HEADER = YES;
				CLANG_WARN_RANGE_LOOP_ANALYSIS = YES;
				CLANG_WARN_STRICT_PROTOTYPES = YES;
				CLANG_WARN_SUSPICIOUS_MOVE = YES;
				CLANG_WARN_UNGUARDED_AVAILABILITY = YES_AGGRESSIVE;
				CLANG_WARN_UNREACHABLE_CODE = YES;
				CLANG_WARN__DUPLICATE_METHOD_MATCH = YES;
				COPY_PHASE_STRIP = NO;
				DEBUG_INFORMATION_FORMAT = "dwarf-with-dsym";
				ENABLE_NS_ASSERTIONS = NO;
				ENABLE_STRICT_OBJC_MSGSEND = YES;
				GCC_C_LANGUAGE_STANDARD = gnu11;
				GCC_NO_COMMON_BLOCKS = YES;
				GCC_WARN_64_TO_32_BIT_CONVERSION = YES;
				GCC_WARN_ABOUT_RETURN_TYPE = YES_ERROR;
				GCC_WARN_UNDECLARED_SELECTOR = YES;
				GCC_WARN_UNINITIALIZED_AUTOS = YES_AGGRESSIVE;
				GCC_WARN_UNUSED_FUNCTION = YES;
				GCC_WARN_UNUSED_VARIABLE = YES;
				IPHONEOS_DEPLOYMENT_TARGET = 16.2;
				MTL_ENABLE_DEBUG_INFO = NO;
				MTL_FAST_MATH = YES;
				SDKROOT = iphoneos;
				SWIFT_COMPILATION_MODE = wholemodule;
				SWIFT_OPTIMIZATION_LEVEL = "-O";
				VALIDATE_PRODUCT = YES;
			};
			name = Release;
		};
		F21B36FF2986AFF8007F4C26 /* Debug */ = {
			isa = XCBuildConfiguration;
			buildSettings = {
				ASSETCATALOG_COMPILER_APPICON_NAME = AppIcon;
				ASSETCATALOG_COMPILER_GLOBAL_ACCENT_COLOR_NAME = AccentColor;
				CODE_SIGN_STYLE = Automatic;
				CURRENT_PROJECT_VERSION = 1;
				DEVELOPMENT_ASSET_PATHS = "\"Sphinx Coffee/Preview Content\"";
				ENABLE_PREVIEWS = YES;
				GENERATE_INFOPLIST_FILE = YES;
				INFOPLIST_FILE = "Sphinx-Coffee-Info.plist";
				INFOPLIST_KEY_CFBundleDisplayName = "Sphinx Coffe";
				INFOPLIST_KEY_LSApplicationCategoryType = "";
				INFOPLIST_KEY_UIApplicationSceneManifest_Generation = YES;
				INFOPLIST_KEY_UIApplicationSupportsIndirectInputEvents = YES;
				INFOPLIST_KEY_UISupportedInterfaceOrientations_iPad = "UIInterfaceOrientationPortrait UIInterfaceOrientationPortraitUpsideDown UIInterfaceOrientationLandscapeLeft UIInterfaceOrientationLandscapeRight";
				INFOPLIST_KEY_UISupportedInterfaceOrientations_iPhone = "UIInterfaceOrientationPortrait UIInterfaceOrientationLandscapeLeft UIInterfaceOrientationLandscapeRight";
				LD_RUNPATH_SEARCH_PATHS = (
					"$(inherited)",
					"@executable_path/Frameworks",
				);
				MARKETING_VERSION = 1.0;
				PRODUCT_BUNDLE_IDENTIFIER = "com.autolearning.Sphinx-Coffee";
				PRODUCT_NAME = "$(TARGET_NAME)";
				SWIFT_EMIT_LOC_STRINGS = YES;
				SWIFT_VERSION = 5.0;
				TARGETED_DEVICE_FAMILY = "1,2";
			};
			name = Debug;
		};
		F21B37002986AFF8007F4C26 /* Release */ = {
			isa = XCBuildConfiguration;
			buildSettings = {
				ASSETCATALOG_COMPILER_APPICON_NAME = AppIcon;
				ASSETCATALOG_COMPILER_GLOBAL_ACCENT_COLOR_NAME = AccentColor;
				CODE_SIGN_STYLE = Automatic;
				CURRENT_PROJECT_VERSION = 1;
				DEVELOPMENT_ASSET_PATHS = "\"Sphinx Coffee/Preview Content\"";
				ENABLE_PREVIEWS = YES;
				GENERATE_INFOPLIST_FILE = YES;
				INFOPLIST_FILE = "Sphinx-Coffee-Info.plist";
				INFOPLIST_KEY_CFBundleDisplayName = "Sphinx Coffe";
				INFOPLIST_KEY_LSApplicationCategoryType = "";
				INFOPLIST_KEY_UIApplicationSceneManifest_Generation = YES;
				INFOPLIST_KEY_UIApplicationSupportsIndirectInputEvents = YES;
				INFOPLIST_KEY_UISupportedInterfaceOrientations_iPad = "UIInterfaceOrientationPortrait UIInterfaceOrientationPortraitUpsideDown UIInterfaceOrientationLandscapeLeft UIInterfaceOrientationLandscapeRight";
				INFOPLIST_KEY_UISupportedInterfaceOrientations_iPhone = "UIInterfaceOrientationPortrait UIInterfaceOrientationLandscapeLeft UIInterfaceOrientationLandscapeRight";
				LD_RUNPATH_SEARCH_PATHS = (
					"$(inherited)",
					"@executable_path/Frameworks",
				);
				MARKETING_VERSION = 1.0;
				PRODUCT_BUNDLE_IDENTIFIER = "com.autolearning.Sphinx-Coffee";
				PRODUCT_NAME = "$(TARGET_NAME)";
				SWIFT_EMIT_LOC_STRINGS = YES;
				SWIFT_VERSION = 5.0;
				TARGETED_DEVICE_FAMILY = "1,2";
			};
			name = Release;
		};
/* End XCBuildConfiguration section */

/* Begin XCConfigurationList section */
		F21B36EB2986AFF6007F4C26 /* Build configuration list for PBXProject "Sphinx Coffee" */ = {
			isa = XCConfigurationList;
			buildConfigurations = (
				F21B36FC2986AFF8007F4C26 /* Debug */,
				F21B36FD2986AFF8007F4C26 /* Release */,
			);
			defaultConfigurationIsVisible = 0;
			defaultConfigurationName = Release;
		};
		F21B36FE2986AFF8007F4C26 /* Build configuration list for PBXNativeTarget "Sphinx Coffee" */ = {
			isa = XCConfigurationList;
			buildConfigurations = (
				F21B36FF2986AFF8007F4C26 /* Debug */,
				F21B37002986AFF8007F4C26 /* Release */,
			);
			defaultConfigurationIsVisible = 0;
			defaultConfigurationName = Release;
		};
/* End XCConfigurationList section */

/* Begin XCRemoteSwiftPackageReference section */
		F2AA07F8299531E500DD299B /* XCRemoteSwiftPackageReference "Alamofire" */ = {
			isa = XCRemoteSwiftPackageReference;
			repositoryURL = "https://github.com/Alamofire/Alamofire.git";
			requirement = {
				branch = master;
				kind = branch;
			};
		};
/* End XCRemoteSwiftPackageReference section */

/* Begin XCSwiftPackageProductDependency section */
		F2AA07F9299531E500DD299B /* Alamofire */ = {
			isa = XCSwiftPackageProductDependency;
			package = F2AA07F8299531E500DD299B /* XCRemoteSwiftPackageReference "Alamofire" */;
			productName = Alamofire;
		};
/* End XCSwiftPackageProductDependency section */
	};
	rootObject = F21B36E82986AFF6007F4C26 /* Project object */;
}
